
Microsoft Visual Studio Solution File, Format Version 12.00
# Visual Studio Version 17
VisualStudioVersion = 17.5.002.0
MinimumVisualStudioVersion = 10.0.40219.1
Project("{9A19103F-16F7-4668-BE54-9A1E7A4F7556}") = "Hospital-Web", "Hospital-Web.csproj", "{141F2B26-D42C-4AB8-A8B1-89B0FBFC26CC}"
EndProject
Global
	GlobalSection(SolutionConfigurationPlatforms) = preSolution
		Debug|Any CPU = Debug|Any CPU
		Release|Any CPU = Release|Any CPU
	EndGlobalSection
	GlobalSection(ProjectConfigurationPlatforms) = postSolution
		{141F2B26-D42C-4AB8-A8B1-89B0FBFC26CC}.Debug|Any CPU.ActiveCfg = Debug|Any CPU
		{141F2B26-D42C-4AB8-A8B1-89B0FBFC26CC}.Debug|Any CPU.Build.0 = Debug|Any CPU
		{141F2B26-D42C-4AB8-A8B1-89B0FBFC26CC}.Release|Any CPU.ActiveCfg = Release|Any CPU
		{141F2B26-D42C-4AB8-A8B1-89B0FBFC26CC}.Release|Any CPU.Build.0 = Release|Any CPU
	EndGlobalSection
	GlobalSection(SolutionProperties) = preSolution
		HideSolutionNode = FALSE
	EndGlobalSection
	GlobalSection(ExtensibilityGlobals) = postSolution
		SolutionGuid = {4E1AC4AF-C66B-406D-87C1-FE705A5586D7}
	EndGlobalSection
EndGlobal
